
Microsoft Visual Studio Solution File, Format Version 12.00
# Visual Studio Version 16
VisualStudioVersion = 16.0.29424.173
MinimumVisualStudioVersion = 10.0.40219.1
Project("{FAE04EC0-301F-11D3-BF4B-00C04F79EFBC}") = "DotNetLearning", "DotNetLearning\DotNetLearning.csproj", "{2D48388D-46A1-4250-99B5-A6109A232462}"
EndProject
Project("{FAE04EC0-301F-11D3-BF4B-00C04F79EFBC}") = "DotNetLearning.Application", "DotNetLearning.Application\DotNetLearning.Application.csproj", "{AD34ABFE-AFCE-4DD7-B34E-01CC5369AE70}"
EndProject
Global
	GlobalSection(SolutionConfigurationPlatforms) = preSolution
		Debug|Any CPU = Debug|Any CPU
		Release|Any CPU = Release|Any CPU
	EndGlobalSection
	GlobalSection(ProjectConfigurationPlatforms) = postSolution
		{2D48388D-46A1-4250-99B5-A6109A232462}.Debug|Any CPU.ActiveCfg = Debug|Any CPU
		{2D48388D-46A1-4250-99B5-A6109A232462}.Debug|Any CPU.Build.0 = Debug|Any CPU
		{2D48388D-46A1-4250-99B5-A6109A232462}.Release|Any CPU.ActiveCfg = Release|Any CPU
		{2D48388D-46A1-4250-99B5-A6109A232462}.Release|Any CPU.Build.0 = Release|Any CPU
		{AD34ABFE-AFCE-4DD7-B34E-01CC5369AE70}.Debug|Any CPU.ActiveCfg = Debug|Any CPU
		{AD34ABFE-AFCE-4DD7-B34E-01CC5369AE70}.Debug|Any CPU.Build.0 = Debug|Any CPU
		{AD34ABFE-AFCE-4DD7-B34E-01CC5369AE70}.Release|Any CPU.ActiveCfg = Release|Any CPU
		{AD34ABFE-AFCE-4DD7-B34E-01CC5369AE70}.Release|Any CPU.Build.0 = Release|Any CPU
	EndGlobalSection
	GlobalSection(SolutionProperties) = preSolution
		HideSolutionNode = FALSE
	EndGlobalSection
	GlobalSection(ExtensibilityGlobals) = postSolution
		SolutionGuid = {7B588FA0-7387-4D92-A9F5-F9D4F5468D51}
	EndGlobalSection
EndGlobal
